
Microsoft Visual Studio Solution File, Format Version 12.00
# Visual Studio 15
VisualStudioVersion = 15.0.27703.2047
MinimumVisualStudioVersion = 10.0.40219.1
Project("{9A19103F-16F7-4668-BE54-9A1E7A4F7556}") = "sLog.Models", "sLog.Models\sLog.Models.csproj", "{A71A4DF4-F0F9-4E5D-ADE3-52D443EEC4F1}"
EndProject
Project("{9A19103F-16F7-4668-BE54-9A1E7A4F7556}") = "sLog", "sLog\sLog.csproj", "{2962827A-C8E5-47EA-B839-6E0A43884D4E}"
EndProject
Project("{9A19103F-16F7-4668-BE54-9A1E7A4F7556}") = "sLog.Demo.DataSource.NetScanner", "sLog.Demo.DataSource.NetScanner\sLog.Demo.DataSource.NetScanner.csproj", "{979CD14E-8B19-499F-B3B6-2341119FD3E9}"
EndProject
Project("{9A19103F-16F7-4668-BE54-9A1E7A4F7556}") = "sLog.Analyzers", "sLog.Analyzers\sLog.Analyzers.csproj", "{A974FD7A-E8C2-4F1C-9A1C-CC6B57786E14}"
EndProject
Project("{FAE04EC0-301F-11D3-BF4B-00C04F79EFBC}") = "QuickCore", "QuickCore\QuickCore.csproj", "{444335AA-7FA3-4A37-A24A-A20C07656849}"
EndProject
Global
	GlobalSection(SolutionConfigurationPlatforms) = preSolution
		Debug|Any CPU = Debug|Any CPU
		Release|Any CPU = Release|Any CPU
	EndGlobalSection
	GlobalSection(ProjectConfigurationPlatforms) = postSolution
		{A71A4DF4-F0F9-4E5D-ADE3-52D443EEC4F1}.Debug|Any CPU.ActiveCfg = Debug|Any CPU
		{A71A4DF4-F0F9-4E5D-ADE3-52D443EEC4F1}.Debug|Any CPU.Build.0 = Debug|Any CPU
		{A71A4DF4-F0F9-4E5D-ADE3-52D443EEC4F1}.Release|Any CPU.ActiveCfg = Release|Any CPU
		{A71A4DF4-F0F9-4E5D-ADE3-52D443EEC4F1}.Release|Any CPU.Build.0 = Release|Any CPU
		{2962827A-C8E5-47EA-B839-6E0A43884D4E}.Debug|Any CPU.ActiveCfg = Debug|Any CPU
		{2962827A-C8E5-47EA-B839-6E0A43884D4E}.Debug|Any CPU.Build.0 = Debug|Any CPU
		{2962827A-C8E5-47EA-B839-6E0A43884D4E}.Release|Any CPU.ActiveCfg = Release|Any CPU
		{2962827A-C8E5-47EA-B839-6E0A43884D4E}.Release|Any CPU.Build.0 = Release|Any CPU
		{979CD14E-8B19-499F-B3B6-2341119FD3E9}.Debug|Any CPU.ActiveCfg = Debug|Any CPU
		{979CD14E-8B19-499F-B3B6-2341119FD3E9}.Debug|Any CPU.Build.0 = Debug|Any CPU
		{979CD14E-8B19-499F-B3B6-2341119FD3E9}.Release|Any CPU.ActiveCfg = Release|Any CPU
		{979CD14E-8B19-499F-B3B6-2341119FD3E9}.Release|Any CPU.Build.0 = Release|Any CPU
		{A974FD7A-E8C2-4F1C-9A1C-CC6B57786E14}.Debug|Any CPU.ActiveCfg = Debug|Any CPU
		{A974FD7A-E8C2-4F1C-9A1C-CC6B57786E14}.Debug|Any CPU.Build.0 = Debug|Any CPU
		{A974FD7A-E8C2-4F1C-9A1C-CC6B57786E14}.Release|Any CPU.ActiveCfg = Release|Any CPU
		{A974FD7A-E8C2-4F1C-9A1C-CC6B57786E14}.Release|Any CPU.Build.0 = Release|Any CPU
		{444335AA-7FA3-4A37-A24A-A20C07656849}.Debug|Any CPU.ActiveCfg = Debug|Any CPU
		{444335AA-7FA3-4A37-A24A-A20C07656849}.Debug|Any CPU.Build.0 = Debug|Any CPU
		{444335AA-7FA3-4A37-A24A-A20C07656849}.Release|Any CPU.ActiveCfg = Release|Any CPU
		{444335AA-7FA3-4A37-A24A-A20C07656849}.Release|Any CPU.Build.0 = Release|Any CPU
	EndGlobalSection
	GlobalSection(SolutionProperties) = preSolution
		HideSolutionNode = FALSE
	EndGlobalSection
	GlobalSection(ExtensibilityGlobals) = postSolution
		SolutionGuid = {F5410D1A-CCBC-4AD6-BB3B-D021D6346832}
	EndGlobalSection
EndGlobal
