
Microsoft Visual Studio Solution File, Format Version 12.00
# Visual Studio 15
VisualStudioVersion = 15.0.27703.2047
MinimumVisualStudioVersion = 10.0.40219.1
Project("{9A19103F-16F7-4668-BE54-9A1E7A4F7556}") = "sLog.Models", "sLog.Models\sLog.Models.csproj", "{A71A4DF4-F0F9-4E5D-ADE3-52D443EEC4F1}"
EndProject
Project("{9A19103F-16F7-4668-BE54-9A1E7A4F7556}") = "sLog", "sLog\sLog.csproj", "{2962827A-C8E5-47EA-B839-6E0A43884D4E}"
EndProject
Global
	GlobalSection(SolutionConfigurationPlatforms) = preSolution
		Debug|Any CPU = Debug|Any CPU
		Release|Any CPU = Release|Any CPU
	EndGlobalSection
	GlobalSection(ProjectConfigurationPlatforms) = postSolution
		{A71A4DF4-F0F9-4E5D-ADE3-52D443EEC4F1}.Debug|Any CPU.ActiveCfg = Debug|Any CPU
		{A71A4DF4-F0F9-4E5D-ADE3-52D443EEC4F1}.Debug|Any CPU.Build.0 = Debug|Any CPU
		{A71A4DF4-F0F9-4E5D-ADE3-52D443EEC4F1}.Release|Any CPU.ActiveCfg = Release|Any CPU
		{A71A4DF4-F0F9-4E5D-ADE3-52D443EEC4F1}.Release|Any CPU.Build.0 = Release|Any CPU
		{2962827A-C8E5-47EA-B839-6E0A43884D4E}.Debug|Any CPU.ActiveCfg = Debug|Any CPU
		{2962827A-C8E5-47EA-B839-6E0A43884D4E}.Debug|Any CPU.Build.0 = Debug|Any CPU
		{2962827A-C8E5-47EA-B839-6E0A43884D4E}.Release|Any CPU.ActiveCfg = Release|Any CPU
		{2962827A-C8E5-47EA-B839-6E0A43884D4E}.Release|Any CPU.Build.0 = Release|Any CPU
	EndGlobalSection
	GlobalSection(SolutionProperties) = preSolution
		HideSolutionNode = FALSE
	EndGlobalSection
	GlobalSection(ExtensibilityGlobals) = postSolution
		SolutionGuid = {F5410D1A-CCBC-4AD6-BB3B-D021D6346832}
	EndGlobalSection
EndGlobal
